
Microsoft Visual Studio Solution File, Format Version 12.00
# Visual Studio Version 17
VisualStudioVersion = 17.9.34728.123
MinimumVisualStudioVersion = 10.0.40219.1
Project("{9A19103F-16F7-4668-BE54-9A1E7A4F7556}") = "QuickCastProjectAPI", "QuickCastProjectAPI\QuickCastProjectAPI.csproj", "{F549A8F2-65C2-45A0-9BFC-3A3874DCB37B}"
EndProject
Project("{2150E333-8FDC-42A3-9474-1A3956D46DE8}") = "Solution Items", "Solution Items", "{86947987-0825-4E9A-8CF9-64BB29475D87}"
	ProjectSection(SolutionItems) = preProject
		.gitignore = .gitignore
	EndProjectSection
EndProject
Global
	GlobalSection(SolutionConfigurationPlatforms) = preSolution
		Debug|Any CPU = Debug|Any CPU
		Release|Any CPU = Release|Any CPU
	EndGlobalSection
	GlobalSection(ProjectConfigurationPlatforms) = postSolution
		{F549A8F2-65C2-45A0-9BFC-3A3874DCB37B}.Debug|Any CPU.ActiveCfg = Debug|Any CPU
		{F549A8F2-65C2-45A0-9BFC-3A3874DCB37B}.Debug|Any CPU.Build.0 = Debug|Any CPU
		{F549A8F2-65C2-45A0-9BFC-3A3874DCB37B}.Release|Any CPU.ActiveCfg = Release|Any CPU
		{F549A8F2-65C2-45A0-9BFC-3A3874DCB37B}.Release|Any CPU.Build.0 = Release|Any CPU
	EndGlobalSection
	GlobalSection(SolutionProperties) = preSolution
		HideSolutionNode = FALSE
	EndGlobalSection
	GlobalSection(ExtensibilityGlobals) = postSolution
		SolutionGuid = {1612E377-4115-454E-A4A1-D2858409FE4A}
	EndGlobalSection
EndGlobal
